
Microsoft Visual Studio Solution File, Format Version 12.00
# Visual Studio Version 16
VisualStudioVersion = 16.0.808.5
MinimumVisualStudioVersion = 10.0.40219.1
Project("{FAE04EC0-301F-11D3-BF4B-00C04F79EFBC}") = "CreditCardValidatorTest", "CreditCardValidatorTest\CreditCardValidatorTest.csproj", "{B25C027A-DA2C-4295-84AA-AB0F82A12F6D}"
EndProject
Project("{FAE04EC0-301F-11D3-BF4B-00C04F79EFBC}") = "CreditCardValidator", "CreditCardValidator\CreditCardValidator.csproj", "{1A6F4490-C983-4085-9D95-32313D4944D2}"
EndProject
Global
	GlobalSection(SolutionConfigurationPlatforms) = preSolution
		Debug|Any CPU = Debug|Any CPU
		Release|Any CPU = Release|Any CPU
	EndGlobalSection
	GlobalSection(ProjectConfigurationPlatforms) = postSolution
		{B25C027A-DA2C-4295-84AA-AB0F82A12F6D}.Debug|Any CPU.ActiveCfg = Debug|Any CPU
		{B25C027A-DA2C-4295-84AA-AB0F82A12F6D}.Debug|Any CPU.Build.0 = Debug|Any CPU
		{B25C027A-DA2C-4295-84AA-AB0F82A12F6D}.Release|Any CPU.ActiveCfg = Release|Any CPU
		{B25C027A-DA2C-4295-84AA-AB0F82A12F6D}.Release|Any CPU.Build.0 = Release|Any CPU
		{1A6F4490-C983-4085-9D95-32313D4944D2}.Debug|Any CPU.ActiveCfg = Debug|Any CPU
		{1A6F4490-C983-4085-9D95-32313D4944D2}.Debug|Any CPU.Build.0 = Debug|Any CPU
		{1A6F4490-C983-4085-9D95-32313D4944D2}.Release|Any CPU.ActiveCfg = Release|Any CPU
		{1A6F4490-C983-4085-9D95-32313D4944D2}.Release|Any CPU.Build.0 = Release|Any CPU
	EndGlobalSection
	GlobalSection(SolutionProperties) = preSolution
		HideSolutionNode = FALSE
	EndGlobalSection
	GlobalSection(ExtensibilityGlobals) = postSolution
		SolutionGuid = {94BF591A-6A5D-4178-A7CC-24812E913673}
	EndGlobalSection
	GlobalSection(MonoDevelopProperties) = preSolution
		Policies = $0
		$0.VersionControlPolicy = $1
		$0.DotNetNamingPolicy = $2
		$2.DirectoryNamespaceAssociation = PrefixedHierarchical
		$0.TextStylePolicy = $3
		$3.inheritsSet = null
		$3.scope = text/x-csharp
		$0.CSharpFormattingPolicy = $4
		$4.NewLinesForBracesInTypes = False
		$4.NewLinesForBracesInMethods = False
		$4.NewLinesForBracesInProperties = False
		$4.NewLinesForBracesInAccessors = False
		$4.NewLinesForBracesInAnonymousMethods = False
		$4.NewLinesForBracesInControlBlocks = False
		$4.NewLinesForBracesInAnonymousTypes = False
		$4.NewLinesForBracesInObjectCollectionArrayInitializers = False
		$4.NewLinesForBracesInLambdaExpressionBody = False
		$4.NewLineForElse = False
		$4.NewLineForMembersInObjectInit = False
		$4.NewLineForMembersInAnonymousTypes = False
		$4.NewLineForClausesInQuery = False
		$4.scope = text/x-csharp
		$0.TextStylePolicy = $5
		$5.FileWidth = 80
		$5.TabsToSpaces = True
		$5.EolMarker = Unix
		$5.scope = text/plain
		version = 1.0.2
		description = @This library provides an interface and class with a single boolean method that returns true if the string provided is a valid credit card number, in other words it contains only digits and the Luhn algorithm validates the checksum.\r\n\r\nThe library is a dependency of two projects: the Bank of Random Credit purchase authorizer and the Everyone is Authorized payment client. These two libraries available in NuGet are designed to be used for software design demonstrations and course labs for unit testing and dependency injection.
	EndGlobalSection
EndGlobal
